
Microsoft Visual Studio Solution File, Format Version 12.00
# Visual Studio Version 17
VisualStudioVersion = 17.3.32929.385
MinimumVisualStudioVersion = 10.0.40219.1
Project("{9A19103F-16F7-4668-BE54-9A1E7A4F7556}") = "QAMtest", "QAMtest\QAMtest.csproj", "{BB1F72AC-C109-4CA8-86AE-08F4935F79BC}"
EndProject
Project("{9A19103F-16F7-4668-BE54-9A1E7A4F7556}") = "QAM", "QAM\QAM.csproj", "{18FAF92E-DCEC-4802-B404-3ED8A0A70458}"
EndProject
Global
	GlobalSection(SolutionConfigurationPlatforms) = preSolution
		Debug|Any CPU = Debug|Any CPU
		Release|Any CPU = Release|Any CPU
	EndGlobalSection
	GlobalSection(ProjectConfigurationPlatforms) = postSolution
		{BB1F72AC-C109-4CA8-86AE-08F4935F79BC}.Debug|Any CPU.ActiveCfg = Debug|Any CPU
		{BB1F72AC-C109-4CA8-86AE-08F4935F79BC}.Debug|Any CPU.Build.0 = Debug|Any CPU
		{BB1F72AC-C109-4CA8-86AE-08F4935F79BC}.Release|Any CPU.ActiveCfg = Release|Any CPU
		{BB1F72AC-C109-4CA8-86AE-08F4935F79BC}.Release|Any CPU.Build.0 = Release|Any CPU
		{18FAF92E-DCEC-4802-B404-3ED8A0A70458}.Debug|Any CPU.ActiveCfg = Debug|Any CPU
		{18FAF92E-DCEC-4802-B404-3ED8A0A70458}.Debug|Any CPU.Build.0 = Debug|Any CPU
		{18FAF92E-DCEC-4802-B404-3ED8A0A70458}.Release|Any CPU.ActiveCfg = Release|Any CPU
		{18FAF92E-DCEC-4802-B404-3ED8A0A70458}.Release|Any CPU.Build.0 = Release|Any CPU
	EndGlobalSection
	GlobalSection(SolutionProperties) = preSolution
		HideSolutionNode = FALSE
	EndGlobalSection
	GlobalSection(ExtensibilityGlobals) = postSolution
		SolutionGuid = {3302337F-3D5F-4362-B61B-D178CE3F267C}
	EndGlobalSection
EndGlobal
